
Microsoft Visual Studio Solution File, Format Version 12.00
# Visual Studio Version 17
VisualStudioVersion = 17.3.32929.385
MinimumVisualStudioVersion = 10.0.40219.1
Project("{FAE04EC0-301F-11D3-BF4B-00C04F79EFBC}") = "atletikaGUI", "atletikaGUI.csproj", "{0CD11414-EECB-40AA-9CAA-6F8ABE03AC14}"
EndProject
Global
	GlobalSection(SolutionConfigurationPlatforms) = preSolution
		Debug|Any CPU = Debug|Any CPU
		Release|Any CPU = Release|Any CPU
	EndGlobalSection
	GlobalSection(ProjectConfigurationPlatforms) = postSolution
		{0CD11414-EECB-40AA-9CAA-6F8ABE03AC14}.Debug|Any CPU.ActiveCfg = Debug|Any CPU
		{0CD11414-EECB-40AA-9CAA-6F8ABE03AC14}.Debug|Any CPU.Build.0 = Debug|Any CPU
		{0CD11414-EECB-40AA-9CAA-6F8ABE03AC14}.Release|Any CPU.ActiveCfg = Release|Any CPU
		{0CD11414-EECB-40AA-9CAA-6F8ABE03AC14}.Release|Any CPU.Build.0 = Release|Any CPU
	EndGlobalSection
	GlobalSection(SolutionProperties) = preSolution
		HideSolutionNode = FALSE
	EndGlobalSection
	GlobalSection(ExtensibilityGlobals) = postSolution
		SolutionGuid = {924B8958-D227-4FAC-9460-36E4A5BAAE55}
	EndGlobalSection
EndGlobal
